// !$*UTF8*$!
{
	archiveVersion = 1;
	classes = {
	};
	objectVersion = 56;
	objects = {

/* Begin PBXBuildFile section */
		7450CD1D2BBAEC2600C9FB50 /* ITCS_4102_FinalApp.swift in Sources */ = {isa = PBXBuildFile; fileRef = 7450CD1C2BBAEC2600C9FB50 /* ITCS_4102_FinalApp.swift */; };
		7450CD1F2BBAEC2600C9FB50 /* ContentView.swift in Sources */ = {isa = PBXBuildFile; fileRef = 7450CD1E2BBAEC2600C9FB50 /* ContentView.swift */; };
		7450CD212BBAEC2700C9FB50 /* Assets.xcassets in Resources */ = {isa = PBXBuildFile; fileRef = 7450CD202BBAEC2700C9FB50 /* Assets.xcassets */; };
		7450CD242BBAEC2700C9FB50 /* Preview Assets.xcassets in Resources */ = {isa = PBXBuildFile; fileRef = 7450CD232BBAEC2700C9FB50 /* Preview Assets.xcassets */; };
		7450CD2F2BBAEC2700C9FB50 /* ITCS_4102_FinalTests.swift in Sources */ = {isa = PBXBuildFile; fileRef = 7450CD2E2BBAEC2700C9FB50 /* ITCS_4102_FinalTests.swift */; };
		7450CD392BBAEC2700C9FB50 /* ITCS_4102_FinalUITests.swift in Sources */ = {isa = PBXBuildFile; fileRef = 7450CD382BBAEC2700C9FB50 /* ITCS_4102_FinalUITests.swift */; };
		7450CD3B2BBAEC2700C9FB50 /* ITCS_4102_FinalUITestsLaunchTests.swift in Sources */ = {isa = PBXBuildFile; fileRef = 7450CD3A2BBAEC2700C9FB50 /* ITCS_4102_FinalUITestsLaunchTests.swift */; };
/* End PBXBuildFile section */

/* Begin PBXContainerItemProxy section */
		7450CD2B2BBAEC2700C9FB50 /* PBXContainerItemProxy */ = {
			isa = PBXContainerItemProxy;
			containerPortal = 7450CD112BBAEC2600C9FB50 /* Project object */;
			proxyType = 1;
			remoteGlobalIDString = 7450CD182BBAEC2600C9FB50;
			remoteInfo = "ITCS-4102-Final";
		};
		7450CD352BBAEC2700C9FB50 /* PBXContainerItemProxy */ = {
			isa = PBXContainerItemProxy;
			containerPortal = 7450CD112BBAEC2600C9FB50 /* Project object */;
			proxyType = 1;
			remoteGlobalIDString = 7450CD182BBAEC2600C9FB50;
			remoteInfo = "ITCS-4102-Final";
		};
/* End PBXContainerItemProxy section */

/* Begin PBXFileReference section */
		7450CD192BBAEC2600C9FB50 /* ITCS-4102-Final.app */ = {isa = PBXFileReference; explicitFileType = wrapper.application; includeInIndex = 0; path = "ITCS-4102-Final.app"; sourceTree = BUILT_PRODUCTS_DIR; };
		7450CD1C2BBAEC2600C9FB50 /* ITCS_4102_FinalApp.swift */ = {isa = PBXFileReference; lastKnownFileType = sourcecode.swift; path = ITCS_4102_FinalApp.swift; sourceTree = "<group>"; };
		7450CD1E2BBAEC2600C9FB50 /* ContentView.swift */ = {isa = PBXFileReference; lastKnownFileType = sourcecode.swift; path = ContentView.swift; sourceTree = "<group>"; };
		7450CD202BBAEC2700C9FB50 /* Assets.xcassets */ = {isa = PBXFileReference; lastKnownFileType = folder.assetcatalog; path = Assets.xcassets; sourceTree = "<group>"; };
		7450CD232BBAEC2700C9FB50 /* Preview Assets.xcassets */ = {isa = PBXFileReference; lastKnownFileType = folder.assetcatalog; path = "Preview Assets.xcassets"; sourceTree = "<group>"; };
		7450CD252BBAEC2700C9FB50 /* ITCS_4102_Final.entitlements */ = {isa = PBXFileReference; lastKnownFileType = text.plist.entitlements; path = ITCS_4102_Final.entitlements; sourceTree = "<group>"; };
		7450CD2A2BBAEC2700C9FB50 /* ITCS-4102-FinalTests.xctest */ = {isa = PBXFileReference; explicitFileType = wrapper.cfbundle; includeInIndex = 0; path = "ITCS-4102-FinalTests.xctest"; sourceTree = BUILT_PRODUCTS_DIR; };
		7450CD2E2BBAEC2700C9FB50 /* ITCS_4102_FinalTests.swift */ = {isa = PBXFileReference; lastKnownFileType = sourcecode.swift; path = ITCS_4102_FinalTests.swift; sourceTree = "<group>"; };
		7450CD342BBAEC2700C9FB50 /* ITCS-4102-FinalUITests.xctest */ = {isa = PBXFileReference; explicitFileType = wrapper.cfbundle; includeInIndex = 0; path = "ITCS-4102-FinalUITests.xctest"; sourceTree = BUILT_PRODUCTS_DIR; };
		7450CD382BBAEC2700C9FB50 /* ITCS_4102_FinalUITests.swift */ = {isa = PBXFileReference; lastKnownFileType = sourcecode.swift; path = ITCS_4102_FinalUITests.swift; sourceTree = "<group>"; };
		7450CD3A2BBAEC2700C9FB50 /* ITCS_4102_FinalUITestsLaunchTests.swift */ = {isa = PBXFileReference; lastKnownFileType = sourcecode.swift; path = ITCS_4102_FinalUITestsLaunchTests.swift; sourceTree = "<group>"; };
/* End PBXFileReference section */

/* Begin PBXFrameworksBuildPhase section */
		7450CD162BBAEC2600C9FB50 /* Frameworks */ = {
			isa = PBXFrameworksBuildPhase;
			buildActionMask = 2147483647;
			files = (
			);
			runOnlyForDeploymentPostprocessing = 0;
		};
		7450CD272BBAEC2700C9FB50 /* Frameworks */ = {
			isa = PBXFrameworksBuildPhase;
			buildActionMask = 2147483647;
			files = (
			);
			runOnlyForDeploymentPostprocessing = 0;
		};
		7450CD312BBAEC2700C9FB50 /* Frameworks */ = {
			isa = PBXFrameworksBuildPhase;
			buildActionMask = 2147483647;
			files = (
			);
			runOnlyForDeploymentPostprocessing = 0;
		};
/* End PBXFrameworksBuildPhase section */

/* Begin PBXGroup section */
		7450CD102BBAEC2600C9FB50 = {
			isa = PBXGroup;
			children = (
				7450CD1B2BBAEC2600C9FB50 /* ITCS-4102-Final */,
				7450CD2D2BBAEC2700C9FB50 /* ITCS-4102-FinalTests */,
				7450CD372BBAEC2700C9FB50 /* ITCS-4102-FinalUITests */,
				7450CD1A2BBAEC2600C9FB50 /* Products */,
			);
			sourceTree = "<group>";
		};
		7450CD1A2BBAEC2600C9FB50 /* Products */ = {
			isa = PBXGroup;
			children = (
				7450CD192BBAEC2600C9FB50 /* ITCS-4102-Final.app */,
				7450CD2A2BBAEC2700C9FB50 /* ITCS-4102-FinalTests.xctest */,
				7450CD342BBAEC2700C9FB50 /* ITCS-4102-FinalUITests.xctest */,
			);
			name = Products;
			sourceTree = "<group>";
		};
		7450CD1B2BBAEC2600C9FB50 /* ITCS-4102-Final */ = {
			isa = PBXGroup;
			children = (
				7450CD1C2BBAEC2600C9FB50 /* ITCS_4102_FinalApp.swift */,
				7450CD1E2BBAEC2600C9FB50 /* ContentView.swift */,
				7450CD202BBAEC2700C9FB50 /* Assets.xcassets */,
				7450CD252BBAEC2700C9FB50 /* ITCS_4102_Final.entitlements */,
				7450CD222BBAEC2700C9FB50 /* Preview Content */,
			);
			path = "ITCS-4102-Final";
			sourceTree = "<group>";
		};
		7450CD222BBAEC2700C9FB50 /* Preview Content */ = {
			isa = PBXGroup;
			children = (
				7450CD232BBAEC2700C9FB50 /* Preview Assets.xcassets */,
			);
			path = "Preview Content";
			sourceTree = "<group>";
		};
		7450CD2D2BBAEC2700C9FB50 /* ITCS-4102-FinalTests */ = {
			isa = PBXGroup;
			children = (
				7450CD2E2BBAEC2700C9FB50 /* ITCS_4102_FinalTests.swift */,
			);
			path = "ITCS-4102-FinalTests";
			sourceTree = "<group>";
		};
		7450CD372BBAEC2700C9FB50 /* ITCS-4102-FinalUITests */ = {
			isa = PBXGroup;
			children = (
				7450CD382BBAEC2700C9FB50 /* ITCS_4102_FinalUITests.swift */,
				7450CD3A2BBAEC2700C9FB50 /* ITCS_4102_FinalUITestsLaunchTests.swift */,
			);
			path = "ITCS-4102-FinalUITests";
			sourceTree = "<group>";
		};
/* End PBXGroup section */

/* Begin PBXNativeTarget section */
		7450CD182BBAEC2600C9FB50 /* ITCS-4102-Final */ = {
			isa = PBXNativeTarget;
			buildConfigurationList = 7450CD3E2BBAEC2700C9FB50 /* Build configuration list for PBXNativeTarget "ITCS-4102-Final" */;
			buildPhases = (
				7450CD152BBAEC2600C9FB50 /* Sources */,
				7450CD162BBAEC2600C9FB50 /* Frameworks */,
				7450CD172BBAEC2600C9FB50 /* Resources */,
			);
			buildRules = (
			);
			dependencies = (
			);
			name = "ITCS-4102-Final";
			productName = "ITCS-4102-Final";
			productReference = 7450CD192BBAEC2600C9FB50 /* ITCS-4102-Final.app */;
			productType = "com.apple.product-type.application";
		};
		7450CD292BBAEC2700C9FB50 /* ITCS-4102-FinalTests */ = {
			isa = PBXNativeTarget;
			buildConfigurationList = 7450CD412BBAEC2700C9FB50 /* Build configuration list for PBXNativeTarget "ITCS-4102-FinalTests" */;
			buildPhases = (
				7450CD262BBAEC2700C9FB50 /* Sources */,
				7450CD272BBAEC2700C9FB50 /* Frameworks */,
				7450CD282BBAEC2700C9FB50 /* Resources */,
			);
			buildRules = (
			);
			dependencies = (
				7450CD2C2BBAEC2700C9FB50 /* PBXTargetDependency */,
			);
			name = "ITCS-4102-FinalTests";
			productName = "ITCS-4102-FinalTests";
			productReference = 7450CD2A2BBAEC2700C9FB50 /* ITCS-4102-FinalTests.xctest */;
			productType = "com.apple.product-type.bundle.unit-test";
		};
		7450CD332BBAEC2700C9FB50 /* ITCS-4102-FinalUITests */ = {
			isa = PBXNativeTarget;
			buildConfigurationList = 7450CD442BBAEC2700C9FB50 /* Build configuration list for PBXNativeTarget "ITCS-4102-FinalUITests" */;
			buildPhases = (
				7450CD302BBAEC2700C9FB50 /* Sources */,
				7450CD312BBAEC2700C9FB50 /* Frameworks */,
				7450CD322BBAEC2700C9FB50 /* Resources */,
			);
			buildRules = (
			);
			dependencies = (
				7450CD362BBAEC2700C9FB50 /* PBXTargetDependency */,
			);
			name = "ITCS-4102-FinalUITests";
			productName = "ITCS-4102-FinalUITests";
			productReference = 7450CD342BBAEC2700C9FB50 /* ITCS-4102-FinalUITests.xctest */;
			productType = "com.apple.product-type.bundle.ui-testing";
		};
/* End PBXNativeTarget section */

/* Begin PBXProject section */
		7450CD112BBAEC2600C9FB50 /* Project object */ = {
			isa = PBXProject;
			attributes = {
				BuildIndependentTargetsInParallel = 1;
				LastSwiftUpdateCheck = 1520;
				LastUpgradeCheck = 1520;
				TargetAttributes = {
					7450CD182BBAEC2600C9FB50 = {
						CreatedOnToolsVersion = 15.2;
					};
					7450CD292BBAEC2700C9FB50 = {
						CreatedOnToolsVersion = 15.2;
						TestTargetID = 7450CD182BBAEC2600C9FB50;
					};
					7450CD332BBAEC2700C9FB50 = {
						CreatedOnToolsVersion = 15.2;
						TestTargetID = 7450CD182BBAEC2600C9FB50;
					};
				};
			};
			buildConfigurationList = 7450CD142BBAEC2600C9FB50 /* Build configuration list for PBXProject "ITCS-4102-Final" */;
			compatibilityVersion = "Xcode 14.0";
			developmentRegion = en;
			hasScannedForEncodings = 0;
			knownRegions = (
				en,
				Base,
			);
			mainGroup = 7450CD102BBAEC2600C9FB50;
			productRefGroup = 7450CD1A2BBAEC2600C9FB50 /* Products */;
			projectDirPath = "";
			projectRoot = "";
			targets = (
				7450CD182BBAEC2600C9FB50 /* ITCS-4102-Final */,
				7450CD292BBAEC2700C9FB50 /* ITCS-4102-FinalTests */,
				7450CD332BBAEC2700C9FB50 /* ITCS-4102-FinalUITests */,
			);
		};
/* End PBXProject section */

/* Begin PBXResourcesBuildPhase section */
		7450CD172BBAEC2600C9FB50 /* Resources */ = {
			isa = PBXResourcesBuildPhase;
			buildActionMask = 2147483647;
			files = (
				7450CD242BBAEC2700C9FB50 /* Preview Assets.xcassets in Resources */,
				7450CD212BBAEC2700C9FB50 /* Assets.xcassets in Resources */,
			);
			runOnlyForDeploymentPostprocessing = 0;
		};
		7450CD282BBAEC2700C9FB50 /* Resources */ = {
			isa = PBXResourcesBuildPhase;
			buildActionMask = 2147483647;
			files = (
			);
			runOnlyForDeploymentPostprocessing = 0;
		};
		7450CD322BBAEC2700C9FB50 /* Resources */ = {
			isa = PBXResourcesBuildPhase;
			buildActionMask = 2147483647;
			files = (
			);
			runOnlyForDeploymentPostprocessing = 0;
		};
/* End PBXResourcesBuildPhase section */

/* Begin PBXSourcesBuildPhase section */
		7450CD152BBAEC2600C9FB50 /* Sources */ = {
			isa = PBXSourcesBuildPhase;
			buildActionMask = 2147483647;
			files = (
				7450CD1F2BBAEC2600C9FB50 /* ContentView.swift in Sources */,
				7450CD1D2BBAEC2600C9FB50 /* ITCS_4102_FinalApp.swift in Sources */,
			);
			runOnlyForDeploymentPostprocessing = 0;
		};
		7450CD262BBAEC2700C9FB50 /* Sources */ = {
			isa = PBXSourcesBuildPhase;
			buildActionMask = 2147483647;
			files = (
				7450CD2F2BBAEC2700C9FB50 /* ITCS_4102_FinalTests.swift in Sources */,
			);
			runOnlyForDeploymentPostprocessing = 0;
		};
		7450CD302BBAEC2700C9FB50 /* Sources */ = {
			isa = PBXSourcesBuildPhase;
			buildActionMask = 2147483647;
			files = (
				7450CD392BBAEC2700C9FB50 /* ITCS_4102_FinalUITests.swift in Sources */,
				7450CD3B2BBAEC2700C9FB50 /* ITCS_4102_FinalUITestsLaunchTests.swift in Sources */,
			);
			runOnlyForDeploymentPostprocessing = 0;
		};
/* End PBXSourcesBuildPhase section */

/* Begin PBXTargetDependency section */
		7450CD2C2BBAEC2700C9FB50 /* PBXTargetDependency */ = {
			isa = PBXTargetDependency;
			target = 7450CD182BBAEC2600C9FB50 /* ITCS-4102-Final */;
			targetProxy = 7450CD2B2BBAEC2700C9FB50 /* PBXContainerItemProxy */;
		};
		7450CD362BBAEC2700C9FB50 /* PBXTargetDependency */ = {
			isa = PBXTargetDependency;
			target = 7450CD182BBAEC2600C9FB50 /* ITCS-4102-Final */;
			targetProxy = 7450CD352BBAEC2700C9FB50 /* PBXContainerItemProxy */;
		};
/* End PBXTargetDependency section */

/* Begin XCBuildConfiguration section */
		7450CD3C2BBAEC2700C9FB50 /* Debug */ = {
			isa = XCBuildConfiguration;
			buildSettings = {
				ALWAYS_SEARCH_USER_PATHS = NO;
				ASSETCATALOG_COMPILER_GENERATE_SWIFT_ASSET_SYMBOL_EXTENSIONS = YES;
				CLANG_ANALYZER_NONNULL = YES;
				CLANG_ANALYZER_NUMBER_OBJECT_CONVERSION = YES_AGGRESSIVE;
				CLANG_CXX_LANGUAGE_STANDARD = "gnu++20";
				CLANG_ENABLE_MODULES = YES;
				CLANG_ENABLE_OBJC_ARC = YES;
				CLANG_ENABLE_OBJC_WEAK = YES;
				CLANG_WARN_BLOCK_CAPTURE_AUTORELEASING = YES;
				CLANG_WARN_BOOL_CONVERSION = YES;
				CLANG_WARN_COMMA = YES;
				CLANG_WARN_CONSTANT_CONVERSION = YES;
				CLANG_WARN_DEPRECATED_OBJC_IMPLEMENTATIONS = YES;
				CLANG_WARN_DIRECT_OBJC_ISA_USAGE = YES_ERROR;
				CLANG_WARN_DOCUMENTATION_COMMENTS = YES;
				CLANG_WARN_EMPTY_BODY = YES;
				CLANG_WARN_ENUM_CONVERSION = YES;
				CLANG_WARN_INFINITE_RECURSION = YES;
				CLANG_WARN_INT_CONVERSION = YES;
				CLANG_WARN_NON_LITERAL_NULL_CONVERSION = YES;
				CLANG_WARN_OBJC_IMPLICIT_RETAIN_SELF = YES;
				CLANG_WARN_OBJC_LITERAL_CONVERSION = YES;
				CLANG_WARN_OBJC_ROOT_CLASS = YES_ERROR;
				CLANG_WARN_QUOTED_INCLUDE_IN_FRAMEWORK_HEADER = YES;
				CLANG_WARN_RANGE_LOOP_ANALYSIS = YES;
				CLANG_WARN_STRICT_PROTOTYPES = YES;
				CLANG_WARN_SUSPICIOUS_MOVE = YES;
				CLANG_WARN_UNGUARDED_AVAILABILITY = YES_AGGRESSIVE;
				CLANG_WARN_UNREACHABLE_CODE = YES;
				CLANG_WARN__DUPLICATE_METHOD_MATCH = YES;
				COPY_PHASE_STRIP = NO;
				DEBUG_INFORMATION_FORMAT = dwarf;
				ENABLE_STRICT_OBJC_MSGSEND = YES;
				ENABLE_TESTABILITY = YES;
				ENABLE_USER_SCRIPT_SANDBOXING = YES;
				GCC_C_LANGUAGE_STANDARD = gnu17;
				GCC_DYNAMIC_NO_PIC = NO;
				GCC_NO_COMMON_BLOCKS = YES;
				GCC_OPTIMIZATION_LEVEL = 0;
				GCC_PREPROCESSOR_DEFINITIONS = (
					"DEBUG=1",
					"$(inherited)",
				);
				GCC_WARN_64_TO_32_BIT_CONVERSION = YES;
				GCC_WARN_ABOUT_RETURN_TYPE = YES_ERROR;
				GCC_WARN_UNDECLARED_SELECTOR = YES;
				GCC_WARN_UNINITIALIZED_AUTOS = YES_AGGRESSIVE;
				GCC_WARN_UNUSED_FUNCTION = YES;
				GCC_WARN_UNUSED_VARIABLE = YES;
				LOCALIZATION_PREFERS_STRING_CATALOGS = YES;
				MACOSX_DEPLOYMENT_TARGET = 13.5;
				MTL_ENABLE_DEBUG_INFO = INCLUDE_SOURCE;
				MTL_FAST_MATH = YES;
				ONLY_ACTIVE_ARCH = YES;
				SDKROOT = macosx;
				SWIFT_ACTIVE_COMPILATION_CONDITIONS = "DEBUG $(inherited)";
				SWIFT_OPTIMIZATION_LEVEL = "-Onone";
			};
			name = Debug;
		};
		7450CD3D2BBAEC2700C9FB50 /* Release */ = {
			isa = XCBuildConfiguration;
			buildSettings = {
				ALWAYS_SEARCH_USER_PATHS = NO;
				ASSETCATALOG_COMPILER_GENERATE_SWIFT_ASSET_SYMBOL_EXTENSIONS = YES;
				CLANG_ANALYZER_NONNULL = YES;
				CLANG_ANALYZER_NUMBER_OBJECT_CONVERSION = YES_AGGRESSIVE;
				CLANG_CXX_LANGUAGE_STANDARD = "gnu++20";
				CLANG_ENABLE_MODULES = YES;
				CLANG_ENABLE_OBJC_ARC = YES;
				CLANG_ENABLE_OBJC_WEAK = YES;
				CLANG_WARN_BLOCK_CAPTURE_AUTORELEASING = YES;
				CLANG_WARN_BOOL_CONVERSION = YES;
				CLANG_WARN_COMMA = YES;
				CLANG_WARN_CONSTANT_CONVERSION = YES;
				CLANG_WARN_DEPRECATED_OBJC_IMPLEMENTATIONS = YES;
				CLANG_WARN_DIRECT_OBJC_ISA_USAGE = YES_ERROR;
				CLANG_WARN_DOCUMENTATION_COMMENTS = YES;
				CLANG_WARN_EMPTY_BODY = YES;
				CLANG_WARN_ENUM_CONVERSION = YES;
				CLANG_WARN_INFINITE_RECURSION = YES;
				CLANG_WARN_INT_CONVERSION = YES;
				CLANG_WARN_NON_LITERAL_NULL_CONVERSION = YES;
				CLANG_WARN_OBJC_IMPLICIT_RETAIN_SELF = YES;
				CLANG_WARN_OBJC_LITERAL_CONVERSION = YES;
				CLANG_WARN_OBJC_ROOT_CLASS = YES_ERROR;
				CLANG_WARN_QUOTED_INCLUDE_IN_FRAMEWORK_HEADER = YES;
				CLANG_WARN_RANGE_LOOP_ANALYSIS = YES;
				CLANG_WARN_STRICT_PROTOTYPES = YES;
				CLANG_WARN_SUSPICIOUS_MOVE = YES;
				CLANG_WARN_UNGUARDED_AVAILABILITY = YES_AGGRESSIVE;
				CLANG_WARN_UNREACHABLE_CODE = YES;
				CLANG_WARN__DUPLICATE_METHOD_MATCH = YES;
				COPY_PHASE_STRIP = NO;
				DEBUG_INFORMATION_FORMAT = "dwarf-with-dsym";
				ENABLE_NS_ASSERTIONS = NO;
				ENABLE_STRICT_OBJC_MSGSEND = YES;
				ENABLE_USER_SCRIPT_SANDBOXING = YES;
				GCC_C_LANGUAGE_STANDARD = gnu17;
				GCC_NO_COMMON_BLOCKS = YES;
				GCC_WARN_64_TO_32_BIT_CONVERSION = YES;
				GCC_WARN_ABOUT_RETURN_TYPE = YES_ERROR;
				GCC_WARN_UNDECLARED_SELECTOR = YES;
				GCC_WARN_UNINITIALIZED_AUTOS = YES_AGGRESSIVE;
				GCC_WARN_UNUSED_FUNCTION = YES;
				GCC_WARN_UNUSED_VARIABLE = YES;
				LOCALIZATION_PREFERS_STRING_CATALOGS = YES;
				MACOSX_DEPLOYMENT_TARGET = 13.5;
				MTL_ENABLE_DEBUG_INFO = NO;
				MTL_FAST_MATH = YES;
				SDKROOT = macosx;
				SWIFT_COMPILATION_MODE = wholemodule;
			};
			name = Release;
		};
		7450CD3F2BBAEC2700C9FB50 /* Debug */ = {
			isa = XCBuildConfiguration;
			buildSettings = {
				ASSETCATALOG_COMPILER_APPICON_NAME = AppIcon;
				ASSETCATALOG_COMPILER_GLOBAL_ACCENT_COLOR_NAME = AccentColor;
				CODE_SIGN_ENTITLEMENTS = "ITCS-4102-Final/ITCS_4102_Final.entitlements";
				CODE_SIGN_STYLE = Automatic;
				COMBINE_HIDPI_IMAGES = YES;
				CURRENT_PROJECT_VERSION = 1;
				DEVELOPMENT_ASSET_PATHS = "\"ITCS-4102-Final/Preview Content\"";
				ENABLE_PREVIEWS = YES;
				GENERATE_INFOPLIST_FILE = YES;
				INFOPLIST_KEY_NSHumanReadableCopyright = "";
				LD_RUNPATH_SEARCH_PATHS = (
					"$(inherited)",
					"@executable_path/../Frameworks",
				);
				MARKETING_VERSION = 1.0;
				PRODUCT_BUNDLE_IDENTIFIER = "team-swift.ITCS-4102-Final";
				PRODUCT_NAME = "$(TARGET_NAME)";
				SWIFT_EMIT_LOC_STRINGS = YES;
				SWIFT_VERSION = 5.0;
			};
			name = Debug;
		};
		7450CD402BBAEC2700C9FB50 /* Release */ = {
			isa = XCBuildConfiguration;
			buildSettings = {
				ASSETCATALOG_COMPILER_APPICON_NAME = AppIcon;
				ASSETCATALOG_COMPILER_GLOBAL_ACCENT_COLOR_NAME = AccentColor;
				CODE_SIGN_ENTITLEMENTS = "ITCS-4102-Final/ITCS_4102_Final.entitlements";
				CODE_SIGN_STYLE = Automatic;
				COMBINE_HIDPI_IMAGES = YES;
				CURRENT_PROJECT_VERSION = 1;
				DEVELOPMENT_ASSET_PATHS = "\"ITCS-4102-Final/Preview Content\"";
				ENABLE_PREVIEWS = YES;
				GENERATE_INFOPLIST_FILE = YES;
				INFOPLIST_KEY_NSHumanReadableCopyright = "";
				LD_RUNPATH_SEARCH_PATHS = (
					"$(inherited)",
					"@executable_path/../Frameworks",
				);
				MARKETING_VERSION = 1.0;
				PRODUCT_BUNDLE_IDENTIFIER = "team-swift.ITCS-4102-Final";
				PRODUCT_NAME = "$(TARGET_NAME)";
				SWIFT_EMIT_LOC_STRINGS = YES;
				SWIFT_VERSION = 5.0;
			};
			name = Release;
		};
		7450CD422BBAEC2700C9FB50 /* Debug */ = {
			isa = XCBuildConfiguration;
			buildSettings = {
				ALWAYS_EMBED_SWIFT_STANDARD_LIBRARIES = YES;
				BUNDLE_LOADER = "$(TEST_HOST)";
				CODE_SIGN_STYLE = Automatic;
				CURRENT_PROJECT_VERSION = 1;
				GENERATE_INFOPLIST_FILE = YES;
				MACOSX_DEPLOYMENT_TARGET = 13.5;
				MARKETING_VERSION = 1.0;
				PRODUCT_BUNDLE_IDENTIFIER = "team-swift.ITCS-4102-FinalTests";
				PRODUCT_NAME = "$(TARGET_NAME)";
				SWIFT_EMIT_LOC_STRINGS = NO;
				SWIFT_VERSION = 5.0;
				TEST_HOST = "$(BUILT_PRODUCTS_DIR)/ITCS-4102-Final.app/$(BUNDLE_EXECUTABLE_FOLDER_PATH)/ITCS-4102-Final";
			};
			name = Debug;
		};
		7450CD432BBAEC2700C9FB50 /* Release */ = {
			isa = XCBuildConfiguration;
			buildSettings = {
				ALWAYS_EMBED_SWIFT_STANDARD_LIBRARIES = YES;
				BUNDLE_LOADER = "$(TEST_HOST)";
				CODE_SIGN_STYLE = Automatic;
				CURRENT_PROJECT_VERSION = 1;
				GENERATE_INFOPLIST_FILE = YES;
				MACOSX_DEPLOYMENT_TARGET = 13.5;
				MARKETING_VERSION = 1.0;
				PRODUCT_BUNDLE_IDENTIFIER = "team-swift.ITCS-4102-FinalTests";
				PRODUCT_NAME = "$(TARGET_NAME)";
				SWIFT_EMIT_LOC_STRINGS = NO;
				SWIFT_VERSION = 5.0;
				TEST_HOST = "$(BUILT_PRODUCTS_DIR)/ITCS-4102-Final.app/$(BUNDLE_EXECUTABLE_FOLDER_PATH)/ITCS-4102-Final";
			};
			name = Release;
		};
		7450CD452BBAEC2700C9FB50 /* Debug */ = {
			isa = XCBuildConfiguration;
			buildSettings = {
				ALWAYS_EMBED_SWIFT_STANDARD_LIBRARIES = YES;
				CODE_SIGN_STYLE = Automatic;
				CURRENT_PROJECT_VERSION = 1;
				GENERATE_INFOPLIST_FILE = YES;
				MARKETING_VERSION = 1.0;
				PRODUCT_BUNDLE_IDENTIFIER = "team-swift.ITCS-4102-FinalUITests";
				PRODUCT_NAME = "$(TARGET_NAME)";
				SWIFT_EMIT_LOC_STRINGS = NO;
				SWIFT_VERSION = 5.0;
				TEST_TARGET_NAME = "ITCS-4102-Final";
			};
			name = Debug;
		};
		7450CD462BBAEC2700C9FB50 /* Release */ = {
			isa = XCBuildConfiguration;
			buildSettings = {
				ALWAYS_EMBED_SWIFT_STANDARD_LIBRARIES = YES;
				CODE_SIGN_STYLE = Automatic;
				CURRENT_PROJECT_VERSION = 1;
				GENERATE_INFOPLIST_FILE = YES;
				MARKETING_VERSION = 1.0;
				PRODUCT_BUNDLE_IDENTIFIER = "team-swift.ITCS-4102-FinalUITests";
				PRODUCT_NAME = "$(TARGET_NAME)";
				SWIFT_EMIT_LOC_STRINGS = NO;
				SWIFT_VERSION = 5.0;
				TEST_TARGET_NAME = "ITCS-4102-Final";
			};
			name = Release;
		};
/* End XCBuildConfiguration section */

/* Begin XCConfigurationList section */
		7450CD142BBAEC2600C9FB50 /* Build configuration list for PBXProject "ITCS-4102-Final" */ = {
			isa = XCConfigurationList;
			buildConfigurations = (
				7450CD3C2BBAEC2700C9FB50 /* Debug */,
				7450CD3D2BBAEC2700C9FB50 /* Release */,
			);
			defaultConfigurationIsVisible = 0;
			defaultConfigurationName = Release;
		};
		7450CD3E2BBAEC2700C9FB50 /* Build configuration list for PBXNativeTarget "ITCS-4102-Final" */ = {
			isa = XCConfigurationList;
			buildConfigurations = (
				7450CD3F2BBAEC2700C9FB50 /* Debug */,
				7450CD402BBAEC2700C9FB50 /* Release */,
			);
			defaultConfigurationIsVisible = 0;
			defaultConfigurationName = Release;
		};
		7450CD412BBAEC2700C9FB50 /* Build configuration list for PBXNativeTarget "ITCS-4102-FinalTests" */ = {
			isa = XCConfigurationList;
			buildConfigurations = (
				7450CD422BBAEC2700C9FB50 /* Debug */,
				7450CD432BBAEC2700C9FB50 /* Release */,
			);
			defaultConfigurationIsVisible = 0;
			defaultConfigurationName = Release;
		};
		7450CD442BBAEC2700C9FB50 /* Build configuration list for PBXNativeTarget "ITCS-4102-FinalUITests" */ = {
			isa = XCConfigurationList;
			buildConfigurations = (
				7450CD452BBAEC2700C9FB50 /* Debug */,
				7450CD462BBAEC2700C9FB50 /* Release */,
			);
			defaultConfigurationIsVisible = 0;
			defaultConfigurationName = Release;
		};
/* End XCConfigurationList section */
	};
	rootObject = 7450CD112BBAEC2600C9FB50 /* Project object */;
}
